
Microsoft Visual Studio Solution File, Format Version 12.00
# Visual Studio 2015
Project("{FAE04EC0-301F-11D3-BF4B-00C04F79EFBC}") = "BunnyvBadgerProject.CSharp", "BunnyvBadgerProject.CSharp.csproj", "{06251BA9-77CA-3330-52A4-B63C0228F87F}"
EndProject
Global
	GlobalSection(SolutionConfigurationPlatforms) = preSolution
		Debug|Any CPU = Debug|Any CPU
		Release|Any CPU = Release|Any CPU
	EndGlobalSection
	GlobalSection(ProjectConfigurationPlatforms) = postSolution
		{06251BA9-77CA-3330-52A4-B63C0228F87F}.Debug|Any CPU.ActiveCfg = Debug|Any CPU
		{06251BA9-77CA-3330-52A4-B63C0228F87F}.Debug|Any CPU.Build.0 = Debug|Any CPU
		{06251BA9-77CA-3330-52A4-B63C0228F87F}.Release|Any CPU.ActiveCfg = Release|Any CPU
		{06251BA9-77CA-3330-52A4-B63C0228F87F}.Release|Any CPU.Build.0 = Release|Any CPU
	EndGlobalSection
	GlobalSection(SolutionProperties) = preSolution
		HideSolutionNode = FALSE
	EndGlobalSection
EndGlobal
